{
  "name": "blockchain-voting-app",
  "lockfileVersion": 3,
  "requires": true,
  "packages": {
    "": {
      "dependencies": {
        "@anon-aadhaar/contracts": "^2.4.0"
      }
    },
    "node_modules/@anon-aadhaar/contracts": {
      "version": "2.4.0",
      "resolved": "https://registry.npmjs.org/@anon-aadhaar/contracts/-/contracts-2.4.0.tgz",
      "integrity": "sha512-IuTrWIjBNG0QZYGJz9K54yR7UopglXs3KxyW5UwZmff/dMa5l7CbNZFmWjh0vlaswWZEsjdlq1rHeKMJg9Wh8Q==",
      "license": "MIT"
    }
  }
}
